
Microsoft Visual Studio Solution File, Format Version 12.00
# Visual Studio Version 17
VisualStudioVersion = 17.4.33103.184
MinimumVisualStudioVersion = 10.0.40219.1
Project("{FAE04EC0-301F-11D3-BF4B-00C04F79EFBC}") = "SingletonPattern", "SingletonPattern\SingletonPattern.csproj", "{2CE59B71-0EF2-4F7A-8084-2544E57BC69B}"
EndProject
Global
	GlobalSection(SolutionConfigurationPlatforms) = preSolution
		Debug|Any CPU = Debug|Any CPU
		Release|Any CPU = Release|Any CPU
	EndGlobalSection
	GlobalSection(ProjectConfigurationPlatforms) = postSolution
		{2CE59B71-0EF2-4F7A-8084-2544E57BC69B}.Debug|Any CPU.ActiveCfg = Debug|Any CPU
		{2CE59B71-0EF2-4F7A-8084-2544E57BC69B}.Debug|Any CPU.Build.0 = Debug|Any CPU
		{2CE59B71-0EF2-4F7A-8084-2544E57BC69B}.Release|Any CPU.ActiveCfg = Release|Any CPU
		{2CE59B71-0EF2-4F7A-8084-2544E57BC69B}.Release|Any CPU.Build.0 = Release|Any CPU
	EndGlobalSection
	GlobalSection(SolutionProperties) = preSolution
		HideSolutionNode = FALSE
	EndGlobalSection
	GlobalSection(ExtensibilityGlobals) = postSolution
		SolutionGuid = {719B8605-DC35-40DD-B771-D40897A53009}
	EndGlobalSection
EndGlobal
